
Microsoft Visual Studio Solution File, Format Version 12.00
# Visual Studio Version 16
VisualStudioVersion = 16.0.810.25
MinimumVisualStudioVersion = 10.0.40219.1
Project("{FAE04EC0-301F-11D3-BF4B-00C04F79EFBC}") = "WebAppTutorial", "WebAppTutorial\WebAppTutorial.csproj", "{55EC5CB9-60BF-429B-8CDC-7BD2D4ABD40F}"
EndProject
Global
	GlobalSection(SolutionConfigurationPlatforms) = preSolution
		Debug|Any CPU = Debug|Any CPU
		Release|Any CPU = Release|Any CPU
	EndGlobalSection
	GlobalSection(ProjectConfigurationPlatforms) = postSolution
		{55EC5CB9-60BF-429B-8CDC-7BD2D4ABD40F}.Debug|Any CPU.ActiveCfg = Debug|Any CPU
		{55EC5CB9-60BF-429B-8CDC-7BD2D4ABD40F}.Debug|Any CPU.Build.0 = Debug|Any CPU
		{55EC5CB9-60BF-429B-8CDC-7BD2D4ABD40F}.Release|Any CPU.ActiveCfg = Release|Any CPU
		{55EC5CB9-60BF-429B-8CDC-7BD2D4ABD40F}.Release|Any CPU.Build.0 = Release|Any CPU
	EndGlobalSection
	GlobalSection(SolutionProperties) = preSolution
		HideSolutionNode = FALSE
	EndGlobalSection
	GlobalSection(ExtensibilityGlobals) = postSolution
		SolutionGuid = {008A33AE-8FC3-49B1-B21A-59FFD724CC8C}
	EndGlobalSection
EndGlobal
